# THIS IS AN AUTOGENERATED FILE. DO NOT EDIT THIS FILE DIRECTLY.
# yarn lockfile v1


luxon@^3.0.1:
  version "3.0.1"
  resolved "https://registry.yarnpkg.com/luxon/-/luxon-3.0.1.tgz#6901111d10ad06fd267ad4e4128a84bef8a77299"
  integrity sha512-hF3kv0e5gwHQZKz4wtm4c+inDtyc7elkanAsBq+fundaCdUBNJB1dHEGUZIM6SfSBUlbVFduPwEtNjFK8wLtcw==
